
Microsoft Visual Studio Solution File, Format Version 12.00
# Visual Studio Version 16
VisualStudioVersion = 16.0.29215.179
MinimumVisualStudioVersion = 10.0.40219.1
Project("{FAE04EC0-301F-11D3-BF4B-00C04F79EFBC}") = "Ascentis.ExternalCache", "Ascentis.ExternalCache\Ascentis.ExternalCache.csproj", "{35D66854-B6A0-4155-9302-ECEBDDF171E8}"
EndProject
Project("{F5034706-568F-408A-B7B3-4D38C6DB8A32}") = "COMUnregisterAssembly", "COMRegUnregAssembly\COMUnregisterAssembly.pssproj", "{6CAFC0C6-A428-4D30-A9F9-700E829FEA51}"
EndProject
Project("{2150E333-8FDC-42A3-9474-1A3956D46DE8}") = "Solution Items", "Solution Items", "{A9DF2B7B-2DC1-4E90-BFD9-5C9A80E8217A}"
	ProjectSection(SolutionItems) = preProject
		Ascentis.ExternalCache.nuspec = Ascentis.ExternalCache.nuspec
		LICENSE = LICENSE
		README.md = README.md
	EndProjectSection
EndProject
Project("{FAE04EC0-301F-11D3-BF4B-00C04F79EFBC}") = "Ascentis.ExternalCacheItem", "Ascentis.ExternalCacheItem\Ascentis.ExternalCacheItem.csproj", "{B1D90B19-60BD-4959-ACAA-BFE4F567DF7C}"
EndProject
Project("{FAE04EC0-301F-11D3-BF4B-00C04F79EFBC}") = "Ascentis.ExternalCache.Test", "Ascentis.ExternalCache.Test\Ascentis.ExternalCache.Test.csproj", "{F86D0931-6866-43B3-8340-45EA62389C5C}"
EndProject
Project("{FAE04EC0-301F-11D3-BF4B-00C04F79EFBC}") = "Ascentis.ExternalCache.TesterConsole", "Ascentis.ExternalCache.TesterConsole\Ascentis.ExternalCache.TesterConsole.csproj", "{50CD1997-5A89-4E28-A0DD-640361A10FEC}"
EndProject
Global
	GlobalSection(SolutionConfigurationPlatforms) = preSolution
		Debug|Any CPU = Debug|Any CPU
		Release|Any CPU = Release|Any CPU
	EndGlobalSection
	GlobalSection(ProjectConfigurationPlatforms) = postSolution
		{35D66854-B6A0-4155-9302-ECEBDDF171E8}.Debug|Any CPU.ActiveCfg = Debug|Any CPU
		{35D66854-B6A0-4155-9302-ECEBDDF171E8}.Debug|Any CPU.Build.0 = Debug|Any CPU
		{35D66854-B6A0-4155-9302-ECEBDDF171E8}.Release|Any CPU.ActiveCfg = Release|Any CPU
		{35D66854-B6A0-4155-9302-ECEBDDF171E8}.Release|Any CPU.Build.0 = Release|Any CPU
		{6CAFC0C6-A428-4D30-A9F9-700E829FEA51}.Debug|Any CPU.ActiveCfg = Debug|Any CPU
		{6CAFC0C6-A428-4D30-A9F9-700E829FEA51}.Release|Any CPU.ActiveCfg = Release|Any CPU
		{B1D90B19-60BD-4959-ACAA-BFE4F567DF7C}.Debug|Any CPU.ActiveCfg = Debug|Any CPU
		{B1D90B19-60BD-4959-ACAA-BFE4F567DF7C}.Debug|Any CPU.Build.0 = Debug|Any CPU
		{B1D90B19-60BD-4959-ACAA-BFE4F567DF7C}.Release|Any CPU.ActiveCfg = Release|Any CPU
		{B1D90B19-60BD-4959-ACAA-BFE4F567DF7C}.Release|Any CPU.Build.0 = Release|Any CPU
		{F86D0931-6866-43B3-8340-45EA62389C5C}.Debug|Any CPU.ActiveCfg = Debug|Any CPU
		{F86D0931-6866-43B3-8340-45EA62389C5C}.Debug|Any CPU.Build.0 = Debug|Any CPU
		{F86D0931-6866-43B3-8340-45EA62389C5C}.Release|Any CPU.ActiveCfg = Release|Any CPU
		{F86D0931-6866-43B3-8340-45EA62389C5C}.Release|Any CPU.Build.0 = Release|Any CPU
		{50CD1997-5A89-4E28-A0DD-640361A10FEC}.Debug|Any CPU.ActiveCfg = Debug|Any CPU
		{50CD1997-5A89-4E28-A0DD-640361A10FEC}.Debug|Any CPU.Build.0 = Debug|Any CPU
		{50CD1997-5A89-4E28-A0DD-640361A10FEC}.Release|Any CPU.ActiveCfg = Release|Any CPU
		{50CD1997-5A89-4E28-A0DD-640361A10FEC}.Release|Any CPU.Build.0 = Release|Any CPU
	EndGlobalSection
	GlobalSection(SolutionProperties) = preSolution
		HideSolutionNode = FALSE
	EndGlobalSection
	GlobalSection(ExtensibilityGlobals) = postSolution
		SolutionGuid = {3D29E18F-E55E-4C45-A928-DAEB8A72990C}
	EndGlobalSection
EndGlobal
